
Microsoft Visual Studio Solution File, Format Version 12.00
# Visual Studio 15
VisualStudioVersion = 15.0.26430.13
MinimumVisualStudioVersion = 10.0.40219.1
Project("{2150E333-8FDC-42A3-9474-1A3956D46DE8}") = "Data", "Data", "{F60E5F79-0B8B-444A-A80C-00FB6E88F276}"
EndProject
Project("{2150E333-8FDC-42A3-9474-1A3956D46DE8}") = "Service", "Service", "{AFD2CD3D-8DA5-4B51-BC37-05709DF52CC7}"
EndProject
Project("{FAE04EC0-301F-11D3-BF4B-00C04F79EFBC}") = "DomainService", "DomainService\DomainService.csproj", "{386C7F10-8A82-4819-9807-5CE0C008FCFC}"
EndProject
Project("{2150E333-8FDC-42A3-9474-1A3956D46DE8}") = "Web", "Web", "{A768351C-185F-4471-A2C7-94741825D880}"
EndProject
Project("{FAE04EC0-301F-11D3-BF4B-00C04F79EFBC}") = "MyOBWeb", "MyOBWeb\MyOBWeb.csproj", "{77F6A726-FCC2-418A-93A3-3EC52D3BDCC2}"
EndProject
Project("{2150E333-8FDC-42A3-9474-1A3956D46DE8}") = "Storage", "Storage", "{31B6A62F-7612-4AB0-980A-5472BCD438B6}"
EndProject
Project("{FAE04EC0-301F-11D3-BF4B-00C04F79EFBC}") = "Storage", "Storage\Storage.csproj", "{DAE53080-D8D4-4621-9A5A-FE1726C3984E}"
EndProject
Global
	GlobalSection(SolutionConfigurationPlatforms) = preSolution
		Debug|Any CPU = Debug|Any CPU
		Release|Any CPU = Release|Any CPU
	EndGlobalSection
	GlobalSection(ProjectConfigurationPlatforms) = postSolution
		{386C7F10-8A82-4819-9807-5CE0C008FCFC}.Debug|Any CPU.ActiveCfg = Debug|Any CPU
		{386C7F10-8A82-4819-9807-5CE0C008FCFC}.Debug|Any CPU.Build.0 = Debug|Any CPU
		{386C7F10-8A82-4819-9807-5CE0C008FCFC}.Release|Any CPU.ActiveCfg = Release|Any CPU
		{386C7F10-8A82-4819-9807-5CE0C008FCFC}.Release|Any CPU.Build.0 = Release|Any CPU
		{77F6A726-FCC2-418A-93A3-3EC52D3BDCC2}.Debug|Any CPU.ActiveCfg = Debug|Any CPU
		{77F6A726-FCC2-418A-93A3-3EC52D3BDCC2}.Debug|Any CPU.Build.0 = Debug|Any CPU
		{77F6A726-FCC2-418A-93A3-3EC52D3BDCC2}.Release|Any CPU.ActiveCfg = Release|Any CPU
		{77F6A726-FCC2-418A-93A3-3EC52D3BDCC2}.Release|Any CPU.Build.0 = Release|Any CPU
		{DAE53080-D8D4-4621-9A5A-FE1726C3984E}.Debug|Any CPU.ActiveCfg = Debug|Any CPU
		{DAE53080-D8D4-4621-9A5A-FE1726C3984E}.Debug|Any CPU.Build.0 = Debug|Any CPU
		{DAE53080-D8D4-4621-9A5A-FE1726C3984E}.Release|Any CPU.ActiveCfg = Release|Any CPU
		{DAE53080-D8D4-4621-9A5A-FE1726C3984E}.Release|Any CPU.Build.0 = Release|Any CPU
	EndGlobalSection
	GlobalSection(SolutionProperties) = preSolution
		HideSolutionNode = FALSE
	EndGlobalSection
	GlobalSection(NestedProjects) = preSolution
		{386C7F10-8A82-4819-9807-5CE0C008FCFC} = {AFD2CD3D-8DA5-4B51-BC37-05709DF52CC7}
		{77F6A726-FCC2-418A-93A3-3EC52D3BDCC2} = {A768351C-185F-4471-A2C7-94741825D880}
		{31B6A62F-7612-4AB0-980A-5472BCD438B6} = {F60E5F79-0B8B-444A-A80C-00FB6E88F276}
		{DAE53080-D8D4-4621-9A5A-FE1726C3984E} = {31B6A62F-7612-4AB0-980A-5472BCD438B6}
	EndGlobalSection
EndGlobal
